<?xml version="1.0" encoding="utf-8"?>
<Project ToolsVersion="4.0" xmlns="http://schemas.microsoft.com/developer/msbuild/2003">
  <ItemGroup>
    <Filter Include="Source Files">
      <UniqueIdentifier>{4FC737F1-C7A5-4376-A066-2A32D752A2FF}</UniqueIdentifier>
      <Extensions>cpp;c;cc;cxx;def;odl;idl;hpj;bat;asm;asmx</Extensions>
    </Filter>
    <Filter Include="Header Files">
      <UniqueIdentifier>{93995380-89BD-4b04-88EB-625FBE52EBFB}</UniqueIdentifier>
      <Extensions>h;hpp;hxx;hm;inl;inc;xsd</Extensions>
    </Filter>
    <Filter Include="Resource Files">
      <UniqueIdentifier>{67DA6AB6-F800-4c08-8B7A-83BB121AAD01}</UniqueIdentifier>
      <Extensions>rc;ico;cur;bmp;dlg;rc2;rct;bin;rgs;gif;jpg;jpeg;jpe;resx;tiff;tif;png;wav;mfcribbon-ms</Extensions>
    </Filter>
    <Filter Include="Header Files\graphics">
      <UniqueIdentifier>{7f160339-6178-4379-a210-aa2b198fff58}</UniqueIdentifier>
    </Filter>
    <Filter Include="Source Files\graphics">
      <UniqueIdentifier>{cdd6e259-132e-466f-993b-d1cfa3bfd32d}</UniqueIdentifier>
    </Filter>
    <Filter Include="Resource Files\graphics">
      <UniqueIdentifier>{1b561139-0929-44eb-8a02-04cc242b0ff3}</UniqueIdentifier>
    </Filter>
    <Filter Include="Source Files\collisions">
      <UniqueIdentifier>{6ee135f1-222b-4167-aaa3-efeb45262b68}</UniqueIdentifier>
    </Filter>
    <Filter Include="Header Files\collisions">
      <UniqueIdentifier>{0f73f378-2807-435c-9b26-22768a910b46}</UniqueIdentifier>
    </Filter>
    <Filter Include="Resource Files\graphics\Images">
      <UniqueIdentifier>{3372b95b-78d0-4d1a-b5a5-93ec1e308774}</UniqueIdentifier>
    </Filter>
  </ItemGroup>
  <ItemGroup>
    <ClCompile Include="main.cpp">
      <Filter>Source Files</Filter>
    </ClCompile>
    <ClCompile Include="Client.cpp">
      <Filter>Source Files</Filter>
    </ClCompile>
    <ClCompile Include="Server.cpp">
      <Filter>Source Files</Filter>
    </ClCompile>
    <ClCompile Include="Player.cpp">
      <Filter>Source Files</Filter>
    </ClCompile>
    <ClCompile Include="Map.cpp">
      <Filter>Source Files</Filter>
    </ClCompile>
    <ClCompile Include="ServerGameTimeRespond.h">
      <Filter>Header Files</Filter>
    </ClCompile>
    <ClCompile Include="ConfigManager.cpp">
      <Filter>Source Files</Filter>
    </ClCompile>
    <ClCompile Include="Game.cpp">
      <Filter>Source Files</Filter>
    </ClCompile>
    <ClCompile Include="Weapon.cpp">
      <Filter>Source Files</Filter>
    </ClCompile>
    <ClCompile Include="AudioManager.cpp">
      <Filter>Source Files</Filter>
    </ClCompile>
    <ClCompile Include="NetworkServices.cpp">
      <Filter>Source Files</Filter>
    </ClCompile>
    <ClCompile Include="DeadlyEntity.cpp">
      <Filter>Source Files</Filter>
    </ClCompile>
    <ClCompile Include="PowerUp.cpp">
      <Filter>Source Files</Filter>
    </ClCompile>
    <ClCompile Include="Projectile.cpp">
      <Filter>Source Files</Filter>
    </ClCompile>
    <ClCompile Include="WeaponFist.cpp">
      <Filter>Source Files</Filter>
    </ClCompile>
    <ClCompile Include="graphics\displaySet.cpp">
      <Filter>Source Files\graphics</Filter>
    </ClCompile>
    <ClCompile Include="graphics\light.cpp">
      <Filter>Source Files\graphics</Filter>
    </ClCompile>
    <ClCompile Include="graphics\matrix.cpp">
      <Filter>Source Files\graphics</Filter>
    </ClCompile>
    <ClCompile Include="graphics\oglUtil.cpp">
      <Filter>Source Files\graphics</Filter>
    </ClCompile>
    <ClCompile Include="graphics\shaderProgram.cpp">
      <Filter>Source Files\graphics</Filter>
    </ClCompile>
    <ClCompile Include="graphics\input.cpp">
      <Filter>Source Files\graphics</Filter>
    </ClCompile>
    <ClCompile Include="graphics\vao.cpp">
      <Filter>Source Files\graphics</Filter>
    </ClCompile>
    <ClCompile Include="graphics\vector4.cpp">
      <Filter>Source Files\graphics</Filter>
    </ClCompile>
    <ClCompile Include="graphics\vertexAttrib.cpp">
      <Filter>Source Files\graphics</Filter>
    </ClCompile>
    <ClCompile Include="graphics\vertexAttribSignature.cpp">
      <Filter>Source Files\graphics</Filter>
    </ClCompile>
    <ClCompile Include="graphics\graphicsClient.cpp">
      <Filter>Source Files\graphics</Filter>
    </ClCompile>
    <ClCompile Include="WeaponFire.cpp">
      <Filter>Source Files</Filter>
    </ClCompile>
    <ClCompile Include="boundingBox.cpp">
      <Filter>Source Files\collisions</Filter>
    </ClCompile>
    <ClCompile Include="boundingObj.cpp">
      <Filter>Source Files\collisions</Filter>
    </ClCompile>
    <ClCompile Include="boundingSphere.cpp">
      <Filter>Source Files\collisions</Filter>
    </ClCompile>
    <ClCompile Include="ray.cpp">
      <Filter>Source Files\collisions</Filter>
    </ClCompile>
    <ClCompile Include="Quadtree.cpp">
      <Filter>Source Files\collisions</Filter>
    </ClCompile>
    <ClCompile Include="boundingManager.cpp">
      <Filter>Source Files\collisions</Filter>
    </ClCompile>
    <ClCompile Include="graphics\uniformBlock.cpp">
      <Filter>Source Files\graphics</Filter>
    </ClCompile>
    <ClCompile Include="graphics\mesh.cpp">
      <Filter>Source Files\graphics</Filter>
    </ClCompile>
    <ClCompile Include="graphics\texture.cpp">
      <Filter>Source Files\graphics</Filter>
    </ClCompile>
    <ClCompile Include="Entity.cpp">
      <Filter>Source Files</Filter>
    </ClCompile>
    <ClCompile Include="Wall.cpp">
      <Filter>Source Files</Filter>
    </ClCompile>
    <ClCompile Include="graphics\vector3.cpp">
      <Filter>Source Files\graphics</Filter>
    </ClCompile>
    <ClCompile Include="ChatHandler.cpp">
      <Filter>Header Files</Filter>
    </ClCompile>
    <ClCompile Include="graphics\basicUniform.cpp">
      <Filter>Source Files\graphics</Filter>
    </ClCompile>
    <ClCompile Include="graphics\uniformLocation.cpp">
      <Filter>Source Files\graphics</Filter>
    </ClCompile>
    <ClCompile Include="ClientGameTimeAction.cpp">
      <Filter>Source Files</Filter>
    </ClCompile>
    <ClCompile Include="graphics\bone.cpp">
      <Filter>Source Files\graphics</Filter>
    </ClCompile>
    <ClCompile Include="graphics\drawer.cpp">
      <Filter>Source Files\graphics</Filter>
    </ClCompile>
    <ClCompile Include="graphics\graphicsEntity.cpp">
      <Filter>Source Files\graphics</Filter>
    </ClCompile>
    <ClCompile Include="util.cpp">
      <Filter>Source Files</Filter>
    </ClCompile>
    <ClCompile Include="graphics\dynamicDrawerImpl.cpp">
      <Filter>Source Files\graphics</Filter>
    </ClCompile>
    <ClCompile Include="graphics\loadCustom.cpp">
      <Filter>Source Files\graphics</Filter>
    </ClCompile>
    <ClCompile Include="graphics\staticDrawerImpl.cpp">
      <Filter>Source Files\graphics</Filter>
    </ClCompile>
    <ClCompile Include="graphics\vector1.cpp">
      <Filter>Source Files\graphics</Filter>
    </ClCompile>
    <ClCompile Include="graphics\meshEntry.cpp">
      <Filter>Source Files\graphics</Filter>
    </ClCompile>
    <ClCompile Include="scoreBoard.cpp">
      <Filter>Source Files\graphics</Filter>
    </ClCompile>
    <ClCompile Include="graphics\vector2.cpp">
      <Filter>Source Files\graphics</Filter>
    </ClCompile>
    <ClCompile Include="graphics\material.cpp">
      <Filter>Source Files\graphics</Filter>
    </ClCompile>
    <ClCompile Include="graphics\CubemapTexture.cpp">
      <Filter>Source Files\graphics</Filter>
    </ClCompile>
    <ClCompile Include="graphics\SkyboxDraw.cpp">
      <Filter>Source Files\graphics</Filter>
    </ClCompile>
    <ClCompile Include="graphics\HUD.cpp">
      <Filter>Source Files\graphics</Filter>
    </ClCompile>
    <ClCompile Include="graphics\lobby.cpp">
      <Filter>Source Files\graphics</Filter>
    </ClCompile>
    <ClCompile Include="graphics\buffer.cpp">
      <Filter>Source Files\graphics</Filter>
    </ClCompile>
    <ClCompile Include="graphics\particleSystem.cpp">
      <Filter>Source Files\graphics</Filter>
    </ClCompile>
  </ItemGroup>
  <ItemGroup>
    <ClInclude Include="Client.h">
      <Filter>Header Files</Filter>
    </ClInclude>
    <ClInclude Include="Server.h">
      <Filter>Header Files</Filter>
    </ClInclude>
    <ClInclude Include="Player.h">
      <Filter>Header Files</Filter>
    </ClInclude>
    <ClInclude Include="Entity.h">
      <Filter>Header Files</Filter>
    </ClInclude>
    <ClInclude Include="Map.h">
      <Filter>Header Files</Filter>
    </ClInclude>
    <ClInclude Include="Physics.h">
      <Filter>Header Files</Filter>
    </ClInclude>
    <ClInclude Include="ClientGameTimeAction.h">
      <Filter>Header Files</Filter>
    </ClInclude>
    <ClInclude Include="ConfigManager.h">
      <Filter>Header Files</Filter>
    </ClInclude>
    <ClInclude Include="Game.h">
      <Filter>Header Files</Filter>
    </ClInclude>
    <ClInclude Include="Weapon.h">
      <Filter>Header Files</Filter>
    </ClInclude>
    <ClInclude Include="AudioManager.h">
      <Filter>Header Files</Filter>
    </ClInclude>
    <ClInclude Include="NetworkServices.h">
      <Filter>Header Files</Filter>
    </ClInclude>
    <ClInclude Include="ChatHandler.h">
      <Filter>Header Files</Filter>
    </ClInclude>
    <ClInclude Include="StaticEnums.h">
      <Filter>Header Files</Filter>
    </ClInclude>
    <ClInclude Include="DeadlyEntity.h">
      <Filter>Header Files</Filter>
    </ClInclude>
    <ClInclude Include="PowerUp.h">
      <Filter>Header Files</Filter>
    </ClInclude>
    <ClInclude Include="Projectile.h">
      <Filter>Header Files</Filter>
    </ClInclude>
    <ClInclude Include="WeaponFist.h">
      <Filter>Header Files</Filter>
    </ClInclude>
    <ClInclude Include="graphics\displaySet.h">
      <Filter>Header Files\graphics</Filter>
    </ClInclude>
    <ClInclude Include="graphics\light.h">
      <Filter>Header Files\graphics</Filter>
    </ClInclude>
    <ClInclude Include="graphics\matrix.h">
      <Filter>Header Files\graphics</Filter>
    </ClInclude>
    <ClInclude Include="graphics\oglUtil.h">
      <Filter>Header Files\graphics</Filter>
    </ClInclude>
    <ClInclude Include="graphics\shaderProgram.h">
      <Filter>Header Files\graphics</Filter>
    </ClInclude>
    <ClInclude Include="graphics\input.h">
      <Filter>Header Files\graphics</Filter>
    </ClInclude>
    <ClInclude Include="graphics\vao.h">
      <Filter>Header Files\graphics</Filter>
    </ClInclude>
    <ClInclude Include="graphics\vector3.h">
      <Filter>Header Files\graphics</Filter>
    </ClInclude>
    <ClInclude Include="graphics\vector4.h">
      <Filter>Header Files\graphics</Filter>
    </ClInclude>
    <ClInclude Include="graphics\vertexAttrib.h">
      <Filter>Header Files\graphics</Filter>
    </ClInclude>
    <ClInclude Include="graphics\vertexAttribSignature.h">
      <Filter>Header Files\graphics</Filter>
    </ClInclude>
    <ClInclude Include="graphics\windowsHacks.h">
      <Filter>Header Files\graphics</Filter>
    </ClInclude>
    <ClInclude Include="graphics\graphicsClient.h">
      <Filter>Header Files\graphics</Filter>
    </ClInclude>
    <ClInclude Include="WeaponFire.h">
      <Filter>Header Files</Filter>
    </ClInclude>
    <ClInclude Include="Ray.h">
      <Filter>Header Files\collisions</Filter>
    </ClInclude>
    <ClInclude Include="Quadtree.h">
      <Filter>Header Files\collisions</Filter>
    </ClInclude>
    <ClInclude Include="Rectangle.h">
      <Filter>Header Files\collisions</Filter>
    </ClInclude>
    <ClInclude Include="boundingSphere.h">
      <Filter>Header Files\collisions</Filter>
    </ClInclude>
    <ClInclude Include="boundingObj.h">
      <Filter>Header Files\collisions</Filter>
    </ClInclude>
    <ClInclude Include="boundingBox.h">
      <Filter>Header Files\collisions</Filter>
    </ClInclude>
    <ClInclude Include="boundingManager.h">
      <Filter>Header Files\collisions</Filter>
    </ClInclude>
    <ClInclude Include="graphics\uniformBlock.h">
      <Filter>Header Files\graphics</Filter>
    </ClInclude>
    <ClInclude Include="graphics\basicUniform.h">
      <Filter>Header Files\graphics</Filter>
    </ClInclude>
    <ClInclude Include="graphics\mesh.h">
      <Filter>Header Files\graphics</Filter>
    </ClInclude>
    <ClInclude Include="graphics\texture.h">
      <Filter>Header Files\graphics</Filter>
    </ClInclude>
    <ClInclude Include="Wall.h">
      <Filter>Header Files</Filter>
    </ClInclude>
    <ClInclude Include="graphics\loadCustom.h">
      <Filter>Header Files\graphics</Filter>
    </ClInclude>
    <ClInclude Include="util.h">
      <Filter>Header Files</Filter>
    </ClInclude>
    <ClInclude Include="graphics\uniformLocation.h">
      <Filter>Header Files\graphics</Filter>
    </ClInclude>
    <ClInclude Include="EntityPool.h">
      <Filter>Header Files</Filter>
    </ClInclude>
    <ClInclude Include="graphics\graphicsEntity.h">
      <Filter>Header Files\graphics</Filter>
    </ClInclude>
    <ClInclude Include="graphics\bone.h">
      <Filter>Header Files\graphics</Filter>
    </ClInclude>
    <ClInclude Include="graphics\drawer.h">
      <Filter>Header Files\graphics</Filter>
    </ClInclude>
    <ClInclude Include="graphics\drawerImpl.h">
      <Filter>Header Files\graphics</Filter>
    </ClInclude>
    <ClInclude Include="graphics\vector1.h">
      <Filter>Header Files\graphics</Filter>
    </ClInclude>
    <ClInclude Include="scoreBoard.h">
      <Filter>Header Files\graphics</Filter>
    </ClInclude>
    <ClInclude Include="graphics\vector2.h">
      <Filter>Header Files\graphics</Filter>
    </ClInclude>
    <ClInclude Include="graphics\material.h">
      <Filter>Header Files\graphics</Filter>
    </ClInclude>
    <ClInclude Include="graphics\assimpUtil.h">
      <Filter>Header Files\graphics</Filter>
    </ClInclude>
    <ClInclude Include="graphics\CubemapTexture.h">
      <Filter>Header Files\graphics</Filter>
    </ClInclude>
    <ClInclude Include="graphics\SkyboxDraw.h">
      <Filter>Header Files\graphics</Filter>
    </ClInclude>
    <ClInclude Include="graphics\lobby.h">
      <Filter>Header Files\graphics</Filter>
    </ClInclude>
    <ClInclude Include="graphics\HUD.h">
      <Filter>Header Files\graphics</Filter>
    </ClInclude>
    <ClInclude Include="buffer.h">
		<Filter>Header Files</Filter>
    </ClInclude>
    <ClInclude Include="Ground.h">
      <Filter>Header Files</Filter>
    </ClInclude>
  </ItemGroup>
  <ItemGroup>
    <None Include="..\Makefile">
      <Filter>Resource Files</Filter>
    </None>
    <None Include="shaders\default.frag">
      <Filter>Resource Files\graphics</Filter>
    </None>
    <None Include="shaders\default.vert">
      <Filter>Resource Files\graphics</Filter>
    </None>
    <None Include="masterConfig.txt">
      <Filter>Resource Files</Filter>
    </None>
    <None Include="shaders\animated.vert">
      <Filter>Resource Files\graphics</Filter>
    </None>
    <None Include="graphics\Images\heart_color.png">
      <Filter>Resource Files\graphics\Images</Filter>
    </None>
    <None Include="graphics\Images\magic_color.png">
      <Filter>Resource Files\graphics\Images</Filter>
    </None>
    <None Include="shaders\skybox.frag">
      <Filter>Resource Files\graphics</Filter>
    </None>
    <None Include="shaders\skybox.vert">
      <Filter>Resource Files\graphics</Filter>
    </None>
    <None Include="graphics\Images\aimer.png">
      <Filter>Resource Files\graphics\Images</Filter>
    </None>
    <None Include="graphics\Images\badguy.png">
      <Filter>Resource Files\graphics\Images</Filter>
    </None>
    <None Include="graphics\Images\Empty_bar.png">
      <Filter>Resource Files\graphics\Images</Filter>
    </None>
    <None Include="graphics\Images\Full_life_bar.png">
      <Filter>Resource Files\graphics\Images</Filter>
    </None>
    <None Include="graphics\Images\Full_mana_bar.png">
      <Filter>Resource Files\graphics\Images</Filter>
    </None>
    <None Include="graphics\Images\powerAttack.png">
      <Filter>Resource Files\graphics\Images</Filter>
    </None>
    <None Include="graphics\Images\powerCharge.png">
      <Filter>Resource Files\graphics\Images</Filter>
    </None>
    <None Include="graphics\Images\powerHealth.png">
      <Filter>Resource Files\graphics\Images</Filter>
    </None>
    <None Include="graphics\Images\powerMana.png">
      <Filter>Resource Files\graphics\Images</Filter>
    </None>
    <None Include="graphics\Images\powerMove.png">
      <Filter>Resource Files\graphics\Images</Filter>
    </None>
    <None Include="graphics\Images\powerStr.png">
      <Filter>Resource Files\graphics\Images</Filter>
    </None>
    <None Include="graphics\Images\statF.png">
      <Filter>Resource Files\graphics\Images</Filter>
    </None>
    <None Include="graphics\Images\statG.png">
      <Filter>Resource Files\graphics\Images</Filter>
    </None>
    <None Include="graphics\Images\statI.png">
      <Filter>Resource Files\graphics\Images</Filter>
    </None>
    <None Include="graphics\Images\statT.png">
      <Filter>Resource Files\graphics\Images</Filter>
    </None>
    <None Include="graphics\Images\weaponBasic.png">
      <Filter>Resource Files\graphics\Images</Filter>
    </None>
    <None Include="graphics\Images\weaponFire.png">
      <Filter>Resource Files\graphics\Images</Filter>
    </None>
    <None Include="graphics\Images\weaponIce.png">
      <Filter>Resource Files\graphics\Images</Filter>
    </None>
    <None Include="graphics\Images\weaponThu.png">
      <Filter>Resource Files\graphics\Images</Filter>
    </None>
    <None Include="graphics\Images\powerAttackL.png">
      <Filter>Resource Files\graphics\Images</Filter>
    </None>
    <None Include="graphics\Images\powerChargeL.png">
      <Filter>Resource Files\graphics\Images</Filter>
    </None>
    <None Include="graphics\Images\powerHealthL.png">
      <Filter>Resource Files\graphics\Images</Filter>
    </None>
    <None Include="graphics\Images\powerManaL.png">
      <Filter>Resource Files\graphics\Images</Filter>
    </None>
    <None Include="graphics\Images\powerMoveL.png">
      <Filter>Resource Files\graphics\Images</Filter>
    </None>
    <None Include="graphics\Images\powerStrL.png">
      <Filter>Resource Files\graphics\Images</Filter>
    </None>
    <None Include="graphics\Images\statFL.png">
      <Filter>Resource Files\graphics\Images</Filter>
    </None>
    <None Include="graphics\Images\statGL.png">
      <Filter>Resource Files\graphics\Images</Filter>
    </None>
    <None Include="graphics\Images\statIL.png">
      <Filter>Resource Files\graphics\Images</Filter>
    </None>
    <None Include="graphics\Images\statTL.png">
      <Filter>Resource Files\graphics\Images</Filter>
    </None>
    <None Include="graphics\Images\stunG.png">
      <Filter>Resource Files\graphics\Images</Filter>
    </None>
    <None Include="graphics\Images\stunGL.png">
      <Filter>Resource Files\graphics\Images</Filter>
    </None>
    <None Include="graphics\Images\stunT.png">
      <Filter>Resource Files\graphics\Images</Filter>
    </None>
    <None Include="graphics\Images\stunTL.png">
      <Filter>Resource Files\graphics\Images</Filter>
    </None>
    <None Include="graphics\Images\weaponFist.png">
      <Filter>Resource Files\graphics\Images</Filter>
    </None>
    <None Include="graphics\Images\chargebar.png">
      <Filter>Resource Files\graphics\Images</Filter>
    </None>
    <None Include="graphics\Images\chargebarempty.png">
      <Filter>Resource Files\graphics\Images</Filter>
    </None>
    <None Include="graphics\Images\notready.png">
      <Filter>Resource Files\graphics\Images</Filter>
    </None>
    <None Include="graphics\Images\ready.png">
      <Filter>Resource Files\graphics\Images</Filter>
    </None>
    <None Include="graphics\Images\powerDef.png">
      <Filter>Resource Files\graphics\Images</Filter>
    </None>
    <None Include="graphics\Images\powerDefL.png">
      <Filter>Resource Files\graphics\Images</Filter>
    </None>
    <None Include="graphics\Images\stunI.png">
      <Filter>Resource Files\graphics\Images</Filter>
    </None>
    <None Include="graphics\Images\stunIL.png">
      <Filter>Resource Files\graphics\Images</Filter>
    </None>
  </ItemGroup>
</Project>